
Microsoft Visual Studio Solution File, Format Version 12.00
# Visual Studio 14
VisualStudioVersion = 14.0.24720.0
MinimumVisualStudioVersion = 10.0.40219.1
Project("{2150E333-8FDC-42A3-9474-1A3956D46DE8}") = "src", "src", "{984CC399-261A-42DA-B902-986BAAD62507}"
EndProject
Project("{2150E333-8FDC-42A3-9474-1A3956D46DE8}") = "Solution Items", "Solution Items", "{7FDC9272-1EBE-414A-A1AA-A1AFDDA9B6DC}"
	ProjectSection(SolutionItems) = preProject
		global.json = global.json
	EndProjectSection
EndProject
Project("{8BB2217D-0F2D-49D1-97BC-3654ED321F3B}") = "AWSDockerDeploy", "src\AWSDockerDeploy\AWSDockerDeploy.xproj", "{A1B2491D-8F75-487E-B60E-30423A7256D5}"
EndProject
Global
	GlobalSection(SolutionConfigurationPlatforms) = preSolution
		Debug|Any CPU = Debug|Any CPU
		Release|Any CPU = Release|Any CPU
	EndGlobalSection
	GlobalSection(ProjectConfigurationPlatforms) = postSolution
		{A1B2491D-8F75-487E-B60E-30423A7256D5}.Debug|Any CPU.ActiveCfg = Debug|Any CPU
		{A1B2491D-8F75-487E-B60E-30423A7256D5}.Debug|Any CPU.Build.0 = Debug|Any CPU
		{A1B2491D-8F75-487E-B60E-30423A7256D5}.Release|Any CPU.ActiveCfg = Release|Any CPU
		{A1B2491D-8F75-487E-B60E-30423A7256D5}.Release|Any CPU.Build.0 = Release|Any CPU
	EndGlobalSection
	GlobalSection(SolutionProperties) = preSolution
		HideSolutionNode = FALSE
	EndGlobalSection
	GlobalSection(NestedProjects) = preSolution
		{A1B2491D-8F75-487E-B60E-30423A7256D5} = {984CC399-261A-42DA-B902-986BAAD62507}
	EndGlobalSection
EndGlobal
